dependencies:
- name: argo-workflows
  repository: https://argoproj.github.io/argo-helm
  version: 0.33.1
- name: jupyterhub
  repository: https://jupyterhub.github.io/helm-chart/
  version: 4.1.0
- name: seaweedfs
  repository: https://seaweedfs.github.io/seaweedfs/helm
  version: 4.17.0
- name: k8s-secret-creator
  repository: oci://ghcr.io/qcdis/charts
  version: 0.1.0
- name: postgresql
  repository: https://charts.bitnami.com/bitnami
  version: 12.12.10
- name: naavre-catalogue-service
  repository: oci://ghcr.io/naavre/charts
  version: v0.6.0
- name: naavre-containerizer-service
  repository: oci://ghcr.io/naavre/charts
  version: v0.4.7
- name: naavre-workflow-service
  repository: oci://ghcr.io/naavre/charts
  version: v0.4.0
- name: naavre-paas-frontend
  repository: oci://ghcr.io/naavre/charts
  version: v0.2.4
digest: sha256:3bf760685b96256e03ef6fa7d0450fd0e63c71c76f1eec4b45582793cdf2bd1a
generated: "2026-06-18T13:42:14.848098823Z"
